
Microsoft Visual Studio Solution File, Format Version 12.00
# Visual Studio 15
VisualStudioVersion = 15.0.27004.2006
MinimumVisualStudioVersion = 10.0.40219.1
Project("{2150E333-8FDC-42A3-9474-1A3956D46DE8}") = "src", "src", "{028454E5-7B89-42C6-A63C-41231980A3BC}"
EndProject
Project("{2150E333-8FDC-42A3-9474-1A3956D46DE8}") = "test", "test", "{2475D699-C94F-4817-B565-B39978D6B980}"
EndProject
Project("{9A19103F-16F7-4668-BE54-9A1E7A4F7556}") = "BusinessProcesses.Server", "src\BusinessProcesses.Server\BusinessProcesses.Server.csproj", "{B1943FC6-C34A-4732-83BF-319CFD2C508B}"
EndProject
Project("{FAE04EC0-301F-11D3-BF4B-00C04F79EFBC}") = "BusinessProcesses.Web", "src\BusinessProcesses.Web\BusinessProcesses.Web.csproj", "{28FEA023-CDC3-4E0B-BEB7-F0DC7F925F46}"
EndProject
Project("{FAE04EC0-301F-11D3-BF4B-00C04F79EFBC}") = "BusinessProcesses.Tests", "test\BusinessProcesses.Tests\BusinessProcesses.Tests.csproj", "{7EB5A2EE-B7C6-47F1-B3A0-CD09BAB3CDC1}"
EndProject
Global
	GlobalSection(SolutionConfigurationPlatforms) = preSolution
		Debug|Any CPU = Debug|Any CPU
		Release|Any CPU = Release|Any CPU
	EndGlobalSection
	GlobalSection(ProjectConfigurationPlatforms) = postSolution
		{B1943FC6-C34A-4732-83BF-319CFD2C508B}.Debug|Any CPU.ActiveCfg = Debug|Any CPU
		{B1943FC6-C34A-4732-83BF-319CFD2C508B}.Debug|Any CPU.Build.0 = Debug|Any CPU
		{B1943FC6-C34A-4732-83BF-319CFD2C508B}.Release|Any CPU.ActiveCfg = Release|Any CPU
		{B1943FC6-C34A-4732-83BF-319CFD2C508B}.Release|Any CPU.Build.0 = Release|Any CPU
		{28FEA023-CDC3-4E0B-BEB7-F0DC7F925F46}.Debug|Any CPU.ActiveCfg = Debug|Any CPU
		{28FEA023-CDC3-4E0B-BEB7-F0DC7F925F46}.Debug|Any CPU.Build.0 = Debug|Any CPU
		{28FEA023-CDC3-4E0B-BEB7-F0DC7F925F46}.Release|Any CPU.ActiveCfg = Release|Any CPU
		{28FEA023-CDC3-4E0B-BEB7-F0DC7F925F46}.Release|Any CPU.Build.0 = Release|Any CPU
		{7EB5A2EE-B7C6-47F1-B3A0-CD09BAB3CDC1}.Debug|Any CPU.ActiveCfg = Debug|Any CPU
		{7EB5A2EE-B7C6-47F1-B3A0-CD09BAB3CDC1}.Debug|Any CPU.Build.0 = Debug|Any CPU
		{7EB5A2EE-B7C6-47F1-B3A0-CD09BAB3CDC1}.Release|Any CPU.ActiveCfg = Release|Any CPU
		{7EB5A2EE-B7C6-47F1-B3A0-CD09BAB3CDC1}.Release|Any CPU.Build.0 = Release|Any CPU
	EndGlobalSection
	GlobalSection(SolutionProperties) = preSolution
		HideSolutionNode = FALSE
	EndGlobalSection
	GlobalSection(NestedProjects) = preSolution
		{B1943FC6-C34A-4732-83BF-319CFD2C508B} = {028454E5-7B89-42C6-A63C-41231980A3BC}
		{28FEA023-CDC3-4E0B-BEB7-F0DC7F925F46} = {028454E5-7B89-42C6-A63C-41231980A3BC}
		{7EB5A2EE-B7C6-47F1-B3A0-CD09BAB3CDC1} = {2475D699-C94F-4817-B565-B39978D6B980}
	EndGlobalSection
	GlobalSection(ExtensibilityGlobals) = postSolution
		SolutionGuid = {B63F8979-2251-4DCA-A78F-7918A96B34FB}
	EndGlobalSection
EndGlobal
